
Microsoft Visual Studio Solution File, Format Version 12.00
# Visual Studio Version 17
VisualStudioVersion = 17.11.35312.102
MinimumVisualStudioVersion = 10.0.40219.1
Project("{FAE04EC0-301F-11D3-BF4B-00C04F79EFBC}") = "Paiement_1830974", "Paiement_1830974\Paiement_1830974.csproj", "{A9406112-1B72-4097-8BDC-9AF2095074B7}"
EndProject
Global
	GlobalSection(SolutionConfigurationPlatforms) = preSolution
		Debug|Any CPU = Debug|Any CPU
		Release|Any CPU = Release|Any CPU
	EndGlobalSection
	GlobalSection(ProjectConfigurationPlatforms) = postSolution
		{A9406112-1B72-4097-8BDC-9AF2095074B7}.Debug|Any CPU.ActiveCfg = Debug|Any CPU
		{A9406112-1B72-4097-8BDC-9AF2095074B7}.Debug|Any CPU.Build.0 = Debug|Any CPU
		{A9406112-1B72-4097-8BDC-9AF2095074B7}.Release|Any CPU.ActiveCfg = Release|Any CPU
		{A9406112-1B72-4097-8BDC-9AF2095074B7}.Release|Any CPU.Build.0 = Release|Any CPU
	EndGlobalSection
	GlobalSection(SolutionProperties) = preSolution
		HideSolutionNode = FALSE
	EndGlobalSection
	GlobalSection(ExtensibilityGlobals) = postSolution
		SolutionGuid = {F7D9F340-D50F-415B-9BFF-0143DCE736C4}
	EndGlobalSection
EndGlobal
